
Microsoft Visual Studio Solution File, Format Version 12.00
# Visual Studio 14
VisualStudioVersion = 14.0.25123.0
MinimumVisualStudioVersion = 10.0.40219.1
Project("{8BC9CEB8-8B4A-11D0-8D11-00A0C91BC942}") = "GLtron", "GLtron.vcxproj", "{A4A4E24A-371E-461B-8629-EA5105E64049}"
	ProjectSection(ProjectDependencies) = postProject
		{DA956FD3-E142-46F2-9DD5-C78BEBB56B7A} = {DA956FD3-E142-46F2-9DD5-C78BEBB56B7A}
		{C65DBCF7-621C-420B-A15A-F7EFEBD73962} = {C65DBCF7-621C-420B-A15A-F7EFEBD73962}
	EndProjectSection
EndProject
Project("{8BC9CEB8-8B4A-11D0-8D11-00A0C91BC942}") = "lib3ds", "GLtron\lib3ds\lib3ds.vcxproj", "{B4CAB902-79EC-470D-90A1-40BEB8B6BEEA}"
EndProject
Project("{8BC9CEB8-8B4A-11D0-8D11-00A0C91BC942}") = "lua5", "GLtron\lua5\lua5.vcxproj", "{FC1E94D7-3144-465C-9632-4B01323AA311}"
EndProject
Project("{8BC9CEB8-8B4A-11D0-8D11-00A0C91BC942}") = "nebu", "GLtron\nebu\nebu.vcxproj", "{C65DBCF7-621C-420B-A15A-F7EFEBD73962}"
	ProjectSection(ProjectDependencies) = postProject
		{5917EA06-73C4-403F-A706-7DE462ADC870} = {5917EA06-73C4-403F-A706-7DE462ADC870}
		{81CE8DAF-EBB2-4761-8E45-B71ABCCA8C68} = {81CE8DAF-EBB2-4761-8E45-B71ABCCA8C68}
		{0AF4AEB7-447F-418F-B6A1-E05F8DCC8D0F} = {0AF4AEB7-447F-418F-B6A1-E05F8DCC8D0F}
		{FC1E94D7-3144-465C-9632-4B01323AA311} = {FC1E94D7-3144-465C-9632-4B01323AA311}
		{25997EF2-6F24-48D2-88BA-F818EDABFB1A} = {25997EF2-6F24-48D2-88BA-F818EDABFB1A}
	EndProjectSection
EndProject
Project("{8BC9CEB8-8B4A-11D0-8D11-00A0C91BC942}") = "libpng", "GLtron\libpng\libpng.vcxproj", "{25997EF2-6F24-48D2-88BA-F818EDABFB1A}"
EndProject
Project("{8BC9CEB8-8B4A-11D0-8D11-00A0C91BC942}") = "glew", "GLtron\glew\glew.vcxproj", "{0AF4AEB7-447F-418F-B6A1-E05F8DCC8D0F}"
EndProject
Project("{8BC9CEB8-8B4A-11D0-8D11-00A0C91BC942}") = "zlib", "GLtron\zlib\zlib.vcxproj", "{74F05C07-E3DD-4CCD-A5F3-E715D72D4B35}"
EndProject
Project("{8BC9CEB8-8B4A-11D0-8D11-00A0C91BC942}") = "sdl_sound_static", "SDL_sound\VisualC\sdl_sound_static.vcxproj", "{5917EA06-73C4-403F-A706-7DE462ADC870}"
	ProjectSection(ProjectDependencies) = postProject
		{3A214E06-B95E-4D61-A291-1F8DF2EC10FD} = {3A214E06-B95E-4D61-A291-1F8DF2EC10FD}
		{BAEEE547-F1EF-4DB4-83A7-EDCE5A343D86} = {BAEEE547-F1EF-4DB4-83A7-EDCE5A343D86}
		{4CEFBC84-C215-11DB-8314-0800200C9A66} = {4CEFBC84-C215-11DB-8314-0800200C9A66}
		{CEBDE98B-A6AA-46E6-BC79-FAAF823DB9EC} = {CEBDE98B-A6AA-46E6-BC79-FAAF823DB9EC}
		{C118ACA9-74E7-4433-8433-452B33A77716} = {C118ACA9-74E7-4433-8433-452B33A77716}
		{15CBFEFF-7965-41F5-B4E2-21E8795C9159} = {15CBFEFF-7965-41F5-B4E2-21E8795C9159}
	EndProjectSection
EndProject
Project("{8BC9CEB8-8B4A-11D0-8D11-00A0C91BC942}") = "libogg_static", "libogg\win32\VS2010\libogg_static.vcxproj", "{15CBFEFF-7965-41F5-B4E2-21E8795C9159}"
EndProject
Project("{8BC9CEB8-8B4A-11D0-8D11-00A0C91BC942}") = "libmodplug", "libmodplug\libmodplug.vcxproj", "{BAEEE547-F1EF-4DB4-83A7-EDCE5A343D86}"
EndProject
Project("{8BC9CEB8-8B4A-11D0-8D11-00A0C91BC942}") = "libmikmod", "libmikmod\win32\VS2005\libmikmod.vcxproj", "{C118ACA9-74E7-4433-8433-452B33A77716}"
EndProject
Project("{8BC9CEB8-8B4A-11D0-8D11-00A0C91BC942}") = "libFLAC_static", "flac\src\libFLAC\libFLAC_static.vcxproj", "{4CEFBC84-C215-11DB-8314-0800200C9A66}"
EndProject
Project("{8BC9CEB8-8B4A-11D0-8D11-00A0C91BC942}") = "libvorbisfile", "libvorbis\win32\VS2010\libvorbisfile\libvorbisfile_static.vcxproj", "{CEBDE98B-A6AA-46E6-BC79-FAAF823DB9EC}"
EndProject
Project("{8BC9CEB8-8B4A-11D0-8D11-00A0C91BC942}") = "libvorbis_static", "libvorbis\win32\VS2010\libvorbis\libvorbis_static.vcxproj", "{3A214E06-B95E-4D61-A291-1F8DF2EC10FD}"
EndProject
Project("{8BC9CEB8-8B4A-11D0-8D11-00A0C91BC942}") = "SDL2", "SDL2\VisualC\SDL\SDL.vcxproj", "{81CE8DAF-EBB2-4761-8E45-B71ABCCA8C68}"
EndProject
Project("{8BC9CEB8-8B4A-11D0-8D11-00A0C91BC942}") = "SDL2main", "SDL2\VisualC\SDLmain\SDLmain.vcxproj", "{DA956FD3-E142-46F2-9DD5-C78BEBB56B7A}"
EndProject
Global
	GlobalSection(SolutionConfigurationPlatforms) = preSolution
		Debug|x64 = Debug|x64
		Debug|x86 = Debug|x86
		Release_NoSTDIO|x64 = Release_NoSTDIO|x64
		Release_NoSTDIO|x86 = Release_NoSTDIO|x86
		Release|x64 = Release|x64
		Release|x86 = Release|x86
	EndGlobalSection
	GlobalSection(ProjectConfigurationPlatforms) = postSolution
		{A4A4E24A-371E-461B-8629-EA5105E64049}.Debug|x64.ActiveCfg = Debug|x64
		{A4A4E24A-371E-461B-8629-EA5105E64049}.Debug|x64.Build.0 = Debug|x64
		{A4A4E24A-371E-461B-8629-EA5105E64049}.Debug|x86.ActiveCfg = Debug|Win32
		{A4A4E24A-371E-461B-8629-EA5105E64049}.Debug|x86.Build.0 = Debug|Win32
		{A4A4E24A-371E-461B-8629-EA5105E64049}.Release_NoSTDIO|x64.ActiveCfg = Release|x64
		{A4A4E24A-371E-461B-8629-EA5105E64049}.Release_NoSTDIO|x64.Build.0 = Release|x64
		{A4A4E24A-371E-461B-8629-EA5105E64049}.Release_NoSTDIO|x86.ActiveCfg = Release|Win32
		{A4A4E24A-371E-461B-8629-EA5105E64049}.Release_NoSTDIO|x86.Build.0 = Release|Win32
		{A4A4E24A-371E-461B-8629-EA5105E64049}.Release|x64.ActiveCfg = Release|x64
		{A4A4E24A-371E-461B-8629-EA5105E64049}.Release|x64.Build.0 = Release|x64
		{A4A4E24A-371E-461B-8629-EA5105E64049}.Release|x86.ActiveCfg = Release|Win32
		{A4A4E24A-371E-461B-8629-EA5105E64049}.Release|x86.Build.0 = Release|Win32
		{B4CAB902-79EC-470D-90A1-40BEB8B6BEEA}.Debug|x64.ActiveCfg = Debug|x64
		{B4CAB902-79EC-470D-90A1-40BEB8B6BEEA}.Debug|x64.Build.0 = Debug|x64
		{B4CAB902-79EC-470D-90A1-40BEB8B6BEEA}.Debug|x86.ActiveCfg = Debug|Win32
		{B4CAB902-79EC-470D-90A1-40BEB8B6BEEA}.Debug|x86.Build.0 = Debug|Win32
		{B4CAB902-79EC-470D-90A1-40BEB8B6BEEA}.Release_NoSTDIO|x64.ActiveCfg = Release|x64
		{B4CAB902-79EC-470D-90A1-40BEB8B6BEEA}.Release_NoSTDIO|x64.Build.0 = Release|x64
		{B4CAB902-79EC-470D-90A1-40BEB8B6BEEA}.Release_NoSTDIO|x86.ActiveCfg = Release|Win32
		{B4CAB902-79EC-470D-90A1-40BEB8B6BEEA}.Release_NoSTDIO|x86.Build.0 = Release|Win32
		{B4CAB902-79EC-470D-90A1-40BEB8B6BEEA}.Release|x64.ActiveCfg = Release|x64
		{B4CAB902-79EC-470D-90A1-40BEB8B6BEEA}.Release|x64.Build.0 = Release|x64
		{B4CAB902-79EC-470D-90A1-40BEB8B6BEEA}.Release|x86.ActiveCfg = Release|Win32
		{B4CAB902-79EC-470D-90A1-40BEB8B6BEEA}.Release|x86.Build.0 = Release|Win32
		{FC1E94D7-3144-465C-9632-4B01323AA311}.Debug|x64.ActiveCfg = Debug|x64
		{FC1E94D7-3144-465C-9632-4B01323AA311}.Debug|x64.Build.0 = Debug|x64
		{FC1E94D7-3144-465C-9632-4B01323AA311}.Debug|x86.ActiveCfg = Debug|Win32
		{FC1E94D7-3144-465C-9632-4B01323AA311}.Debug|x86.Build.0 = Debug|Win32
		{FC1E94D7-3144-465C-9632-4B01323AA311}.Release_NoSTDIO|x64.ActiveCfg = Release|x64
		{FC1E94D7-3144-465C-9632-4B01323AA311}.Release_NoSTDIO|x64.Build.0 = Release|x64
		{FC1E94D7-3144-465C-9632-4B01323AA311}.Release_NoSTDIO|x86.ActiveCfg = Release|Win32
		{FC1E94D7-3144-465C-9632-4B01323AA311}.Release_NoSTDIO|x86.Build.0 = Release|Win32
		{FC1E94D7-3144-465C-9632-4B01323AA311}.Release|x64.ActiveCfg = Release|x64
		{FC1E94D7-3144-465C-9632-4B01323AA311}.Release|x64.Build.0 = Release|x64
		{FC1E94D7-3144-465C-9632-4B01323AA311}.Release|x86.ActiveCfg = Release|Win32
		{FC1E94D7-3144-465C-9632-4B01323AA311}.Release|x86.Build.0 = Release|Win32
		{C65DBCF7-621C-420B-A15A-F7EFEBD73962}.Debug|x64.ActiveCfg = Debug|x64
		{C65DBCF7-621C-420B-A15A-F7EFEBD73962}.Debug|x64.Build.0 = Debug|x64
		{C65DBCF7-621C-420B-A15A-F7EFEBD73962}.Debug|x86.ActiveCfg = Debug|Win32
		{C65DBCF7-621C-420B-A15A-F7EFEBD73962}.Debug|x86.Build.0 = Debug|Win32
		{C65DBCF7-621C-420B-A15A-F7EFEBD73962}.Release_NoSTDIO|x64.ActiveCfg = Release|x64
		{C65DBCF7-621C-420B-A15A-F7EFEBD73962}.Release_NoSTDIO|x64.Build.0 = Release|x64
		{C65DBCF7-621C-420B-A15A-F7EFEBD73962}.Release_NoSTDIO|x86.ActiveCfg = Release|Win32
		{C65DBCF7-621C-420B-A15A-F7EFEBD73962}.Release_NoSTDIO|x86.Build.0 = Release|Win32
		{C65DBCF7-621C-420B-A15A-F7EFEBD73962}.Release|x64.ActiveCfg = Release|x64
		{C65DBCF7-621C-420B-A15A-F7EFEBD73962}.Release|x64.Build.0 = Release|x64
		{C65DBCF7-621C-420B-A15A-F7EFEBD73962}.Release|x86.ActiveCfg = Release|Win32
		{C65DBCF7-621C-420B-A15A-F7EFEBD73962}.Release|x86.Build.0 = Release|Win32
		{25997EF2-6F24-48D2-88BA-F818EDABFB1A}.Debug|x64.ActiveCfg = Debug|x64
		{25997EF2-6F24-48D2-88BA-F818EDABFB1A}.Debug|x64.Build.0 = Debug|x64
		{25997EF2-6F24-48D2-88BA-F818EDABFB1A}.Debug|x86.ActiveCfg = Debug|Win32
		{25997EF2-6F24-48D2-88BA-F818EDABFB1A}.Debug|x86.Build.0 = Debug|Win32
		{25997EF2-6F24-48D2-88BA-F818EDABFB1A}.Release_NoSTDIO|x64.ActiveCfg = Release|x64
		{25997EF2-6F24-48D2-88BA-F818EDABFB1A}.Release_NoSTDIO|x64.Build.0 = Release|x64
		{25997EF2-6F24-48D2-88BA-F818EDABFB1A}.Release_NoSTDIO|x86.ActiveCfg = Release|Win32
		{25997EF2-6F24-48D2-88BA-F818EDABFB1A}.Release_NoSTDIO|x86.Build.0 = Release|Win32
		{25997EF2-6F24-48D2-88BA-F818EDABFB1A}.Release|x64.ActiveCfg = Release|x64
		{25997EF2-6F24-48D2-88BA-F818EDABFB1A}.Release|x64.Build.0 = Release|x64
		{25997EF2-6F24-48D2-88BA-F818EDABFB1A}.Release|x86.ActiveCfg = Release|Win32
		{25997EF2-6F24-48D2-88BA-F818EDABFB1A}.Release|x86.Build.0 = Release|Win32
		{0AF4AEB7-447F-418F-B6A1-E05F8DCC8D0F}.Debug|x64.ActiveCfg = Debug|x64
		{0AF4AEB7-447F-418F-B6A1-E05F8DCC8D0F}.Debug|x64.Build.0 = Debug|x64
		{0AF4AEB7-447F-418F-B6A1-E05F8DCC8D0F}.Debug|x86.ActiveCfg = Debug|Win32
		{0AF4AEB7-447F-418F-B6A1-E05F8DCC8D0F}.Debug|x86.Build.0 = Debug|Win32
		{0AF4AEB7-447F-418F-B6A1-E05F8DCC8D0F}.Release_NoSTDIO|x64.ActiveCfg = Release|Win32
		{0AF4AEB7-447F-418F-B6A1-E05F8DCC8D0F}.Release_NoSTDIO|x64.Build.0 = Release|Win32
		{0AF4AEB7-447F-418F-B6A1-E05F8DCC8D0F}.Release_NoSTDIO|x86.ActiveCfg = Release|Win32
		{0AF4AEB7-447F-418F-B6A1-E05F8DCC8D0F}.Release_NoSTDIO|x86.Build.0 = Release|Win32
		{0AF4AEB7-447F-418F-B6A1-E05F8DCC8D0F}.Release|x64.ActiveCfg = Release|x64
		{0AF4AEB7-447F-418F-B6A1-E05F8DCC8D0F}.Release|x64.Build.0 = Release|x64
		{0AF4AEB7-447F-418F-B6A1-E05F8DCC8D0F}.Release|x86.ActiveCfg = Release|Win32
		{0AF4AEB7-447F-418F-B6A1-E05F8DCC8D0F}.Release|x86.Build.0 = Release|Win32
		{74F05C07-E3DD-4CCD-A5F3-E715D72D4B35}.Debug|x64.ActiveCfg = Debug|x64
		{74F05C07-E3DD-4CCD-A5F3-E715D72D4B35}.Debug|x64.Build.0 = Debug|x64
		{74F05C07-E3DD-4CCD-A5F3-E715D72D4B35}.Debug|x86.ActiveCfg = Debug|Win32
		{74F05C07-E3DD-4CCD-A5F3-E715D72D4B35}.Debug|x86.Build.0 = Debug|Win32
		{74F05C07-E3DD-4CCD-A5F3-E715D72D4B35}.Release_NoSTDIO|x64.ActiveCfg = Release|x64
		{74F05C07-E3DD-4CCD-A5F3-E715D72D4B35}.Release_NoSTDIO|x64.Build.0 = Release|x64
		{74F05C07-E3DD-4CCD-A5F3-E715D72D4B35}.Release_NoSTDIO|x86.ActiveCfg = Release|Win32
		{74F05C07-E3DD-4CCD-A5F3-E715D72D4B35}.Release_NoSTDIO|x86.Build.0 = Release|Win32
		{74F05C07-E3DD-4CCD-A5F3-E715D72D4B35}.Release|x64.ActiveCfg = Release|x64
		{74F05C07-E3DD-4CCD-A5F3-E715D72D4B35}.Release|x64.Build.0 = Release|x64
		{74F05C07-E3DD-4CCD-A5F3-E715D72D4B35}.Release|x86.ActiveCfg = Release|Win32
		{74F05C07-E3DD-4CCD-A5F3-E715D72D4B35}.Release|x86.Build.0 = Release|Win32
		{5917EA06-73C4-403F-A706-7DE462ADC870}.Debug|x64.ActiveCfg = Debug|x64
		{5917EA06-73C4-403F-A706-7DE462ADC870}.Debug|x64.Build.0 = Debug|x64
		{5917EA06-73C4-403F-A706-7DE462ADC870}.Debug|x86.ActiveCfg = Debug|Win32
		{5917EA06-73C4-403F-A706-7DE462ADC870}.Debug|x86.Build.0 = Debug|Win32
		{5917EA06-73C4-403F-A706-7DE462ADC870}.Release_NoSTDIO|x64.ActiveCfg = Release|x64
		{5917EA06-73C4-403F-A706-7DE462ADC870}.Release_NoSTDIO|x64.Build.0 = Release|x64
		{5917EA06-73C4-403F-A706-7DE462ADC870}.Release_NoSTDIO|x86.ActiveCfg = Release|Win32
		{5917EA06-73C4-403F-A706-7DE462ADC870}.Release_NoSTDIO|x86.Build.0 = Release|Win32
		{5917EA06-73C4-403F-A706-7DE462ADC870}.Release|x64.ActiveCfg = Release|x64
		{5917EA06-73C4-403F-A706-7DE462ADC870}.Release|x64.Build.0 = Release|x64
		{5917EA06-73C4-403F-A706-7DE462ADC870}.Release|x86.ActiveCfg = Release|Win32
		{5917EA06-73C4-403F-A706-7DE462ADC870}.Release|x86.Build.0 = Release|Win32
		{15CBFEFF-7965-41F5-B4E2-21E8795C9159}.Debug|x64.ActiveCfg = Debug|x64
		{15CBFEFF-7965-41F5-B4E2-21E8795C9159}.Debug|x64.Build.0 = Debug|x64
		{15CBFEFF-7965-41F5-B4E2-21E8795C9159}.Debug|x86.ActiveCfg = Debug|Win32
		{15CBFEFF-7965-41F5-B4E2-21E8795C9159}.Debug|x86.Build.0 = Debug|Win32
		{15CBFEFF-7965-41F5-B4E2-21E8795C9159}.Release_NoSTDIO|x64.ActiveCfg = Release|x64
		{15CBFEFF-7965-41F5-B4E2-21E8795C9159}.Release_NoSTDIO|x64.Build.0 = Release|x64
		{15CBFEFF-7965-41F5-B4E2-21E8795C9159}.Release_NoSTDIO|x86.ActiveCfg = Release|Win32
		{15CBFEFF-7965-41F5-B4E2-21E8795C9159}.Release_NoSTDIO|x86.Build.0 = Release|Win32
		{15CBFEFF-7965-41F5-B4E2-21E8795C9159}.Release|x64.ActiveCfg = Release|x64
		{15CBFEFF-7965-41F5-B4E2-21E8795C9159}.Release|x64.Build.0 = Release|x64
		{15CBFEFF-7965-41F5-B4E2-21E8795C9159}.Release|x86.ActiveCfg = Release|Win32
		{15CBFEFF-7965-41F5-B4E2-21E8795C9159}.Release|x86.Build.0 = Release|Win32
		{BAEEE547-F1EF-4DB4-83A7-EDCE5A343D86}.Debug|x64.ActiveCfg = Debug|x64
		{BAEEE547-F1EF-4DB4-83A7-EDCE5A343D86}.Debug|x64.Build.0 = Debug|x64
		{BAEEE547-F1EF-4DB4-83A7-EDCE5A343D86}.Debug|x86.ActiveCfg = Debug|Win32
		{BAEEE547-F1EF-4DB4-83A7-EDCE5A343D86}.Debug|x86.Build.0 = Debug|Win32
		{BAEEE547-F1EF-4DB4-83A7-EDCE5A343D86}.Release_NoSTDIO|x64.ActiveCfg = Release|x64
		{BAEEE547-F1EF-4DB4-83A7-EDCE5A343D86}.Release_NoSTDIO|x64.Build.0 = Release|x64
		{BAEEE547-F1EF-4DB4-83A7-EDCE5A343D86}.Release_NoSTDIO|x86.ActiveCfg = Release|Win32
		{BAEEE547-F1EF-4DB4-83A7-EDCE5A343D86}.Release_NoSTDIO|x86.Build.0 = Release|Win32
		{BAEEE547-F1EF-4DB4-83A7-EDCE5A343D86}.Release|x64.ActiveCfg = Release|x64
		{BAEEE547-F1EF-4DB4-83A7-EDCE5A343D86}.Release|x64.Build.0 = Release|x64
		{BAEEE547-F1EF-4DB4-83A7-EDCE5A343D86}.Release|x86.ActiveCfg = Release|Win32
		{BAEEE547-F1EF-4DB4-83A7-EDCE5A343D86}.Release|x86.Build.0 = Release|Win32
		{C118ACA9-74E7-4433-8433-452B33A77716}.Debug|x64.ActiveCfg = Debug|x64
		{C118ACA9-74E7-4433-8433-452B33A77716}.Debug|x64.Build.0 = Debug|x64
		{C118ACA9-74E7-4433-8433-452B33A77716}.Debug|x86.ActiveCfg = Debug|Win32
		{C118ACA9-74E7-4433-8433-452B33A77716}.Debug|x86.Build.0 = Debug|Win32
		{C118ACA9-74E7-4433-8433-452B33A77716}.Release_NoSTDIO|x64.ActiveCfg = Release|x64
		{C118ACA9-74E7-4433-8433-452B33A77716}.Release_NoSTDIO|x64.Build.0 = Release|x64
		{C118ACA9-74E7-4433-8433-452B33A77716}.Release_NoSTDIO|x86.ActiveCfg = Release|Win32
		{C118ACA9-74E7-4433-8433-452B33A77716}.Release_NoSTDIO|x86.Build.0 = Release|Win32
		{C118ACA9-74E7-4433-8433-452B33A77716}.Release|x64.ActiveCfg = Release|x64
		{C118ACA9-74E7-4433-8433-452B33A77716}.Release|x64.Build.0 = Release|x64
		{C118ACA9-74E7-4433-8433-452B33A77716}.Release|x86.ActiveCfg = Release|Win32
		{C118ACA9-74E7-4433-8433-452B33A77716}.Release|x86.Build.0 = Release|Win32
		{4CEFBC84-C215-11DB-8314-0800200C9A66}.Debug|x64.ActiveCfg = Debug|x64
		{4CEFBC84-C215-11DB-8314-0800200C9A66}.Debug|x64.Build.0 = Debug|x64
		{4CEFBC84-C215-11DB-8314-0800200C9A66}.Debug|x86.ActiveCfg = Debug|Win32
		{4CEFBC84-C215-11DB-8314-0800200C9A66}.Debug|x86.Build.0 = Debug|Win32
		{4CEFBC84-C215-11DB-8314-0800200C9A66}.Release_NoSTDIO|x64.ActiveCfg = Release|x64
		{4CEFBC84-C215-11DB-8314-0800200C9A66}.Release_NoSTDIO|x64.Build.0 = Release|x64
		{4CEFBC84-C215-11DB-8314-0800200C9A66}.Release_NoSTDIO|x86.ActiveCfg = Release|Win32
		{4CEFBC84-C215-11DB-8314-0800200C9A66}.Release_NoSTDIO|x86.Build.0 = Release|Win32
		{4CEFBC84-C215-11DB-8314-0800200C9A66}.Release|x64.ActiveCfg = Release|x64
		{4CEFBC84-C215-11DB-8314-0800200C9A66}.Release|x64.Build.0 = Release|x64
		{4CEFBC84-C215-11DB-8314-0800200C9A66}.Release|x86.ActiveCfg = Release|Win32
		{4CEFBC84-C215-11DB-8314-0800200C9A66}.Release|x86.Build.0 = Release|Win32
		{CEBDE98B-A6AA-46E6-BC79-FAAF823DB9EC}.Debug|x64.ActiveCfg = Debug|x64
		{CEBDE98B-A6AA-46E6-BC79-FAAF823DB9EC}.Debug|x64.Build.0 = Debug|x64
		{CEBDE98B-A6AA-46E6-BC79-FAAF823DB9EC}.Debug|x86.ActiveCfg = Debug|Win32
		{CEBDE98B-A6AA-46E6-BC79-FAAF823DB9EC}.Debug|x86.Build.0 = Debug|Win32
		{CEBDE98B-A6AA-46E6-BC79-FAAF823DB9EC}.Release_NoSTDIO|x64.ActiveCfg = Release|x64
		{CEBDE98B-A6AA-46E6-BC79-FAAF823DB9EC}.Release_NoSTDIO|x64.Build.0 = Release|x64
		{CEBDE98B-A6AA-46E6-BC79-FAAF823DB9EC}.Release_NoSTDIO|x86.ActiveCfg = Release|Win32
		{CEBDE98B-A6AA-46E6-BC79-FAAF823DB9EC}.Release_NoSTDIO|x86.Build.0 = Release|Win32
		{CEBDE98B-A6AA-46E6-BC79-FAAF823DB9EC}.Release|x64.ActiveCfg = Release|x64
		{CEBDE98B-A6AA-46E6-BC79-FAAF823DB9EC}.Release|x64.Build.0 = Release|x64
		{CEBDE98B-A6AA-46E6-BC79-FAAF823DB9EC}.Release|x86.ActiveCfg = Release|Win32
		{CEBDE98B-A6AA-46E6-BC79-FAAF823DB9EC}.Release|x86.Build.0 = Release|Win32
		{3A214E06-B95E-4D61-A291-1F8DF2EC10FD}.Debug|x64.ActiveCfg = Debug|x64
		{3A214E06-B95E-4D61-A291-1F8DF2EC10FD}.Debug|x64.Build.0 = Debug|x64
		{3A214E06-B95E-4D61-A291-1F8DF2EC10FD}.Debug|x86.ActiveCfg = Debug|Win32
		{3A214E06-B95E-4D61-A291-1F8DF2EC10FD}.Debug|x86.Build.0 = Debug|Win32
		{3A214E06-B95E-4D61-A291-1F8DF2EC10FD}.Release_NoSTDIO|x64.ActiveCfg = Release|x64
		{3A214E06-B95E-4D61-A291-1F8DF2EC10FD}.Release_NoSTDIO|x64.Build.0 = Release|x64
		{3A214E06-B95E-4D61-A291-1F8DF2EC10FD}.Release_NoSTDIO|x86.ActiveCfg = Release|Win32
		{3A214E06-B95E-4D61-A291-1F8DF2EC10FD}.Release_NoSTDIO|x86.Build.0 = Release|Win32
		{3A214E06-B95E-4D61-A291-1F8DF2EC10FD}.Release|x64.ActiveCfg = Release|x64
		{3A214E06-B95E-4D61-A291-1F8DF2EC10FD}.Release|x64.Build.0 = Release|x64
		{3A214E06-B95E-4D61-A291-1F8DF2EC10FD}.Release|x86.ActiveCfg = Release|Win32
		{3A214E06-B95E-4D61-A291-1F8DF2EC10FD}.Release|x86.Build.0 = Release|Win32
		{81CE8DAF-EBB2-4761-8E45-B71ABCCA8C68}.Debug|x64.ActiveCfg = Debug|x64
		{81CE8DAF-EBB2-4761-8E45-B71ABCCA8C68}.Debug|x64.Build.0 = Debug|x64
		{81CE8DAF-EBB2-4761-8E45-B71ABCCA8C68}.Debug|x86.ActiveCfg = Debug|Win32
		{81CE8DAF-EBB2-4761-8E45-B71ABCCA8C68}.Debug|x86.Build.0 = Debug|Win32
		{81CE8DAF-EBB2-4761-8E45-B71ABCCA8C68}.Release_NoSTDIO|x64.ActiveCfg = Release|x64
		{81CE8DAF-EBB2-4761-8E45-B71ABCCA8C68}.Release_NoSTDIO|x64.Build.0 = Release|x64
		{81CE8DAF-EBB2-4761-8E45-B71ABCCA8C68}.Release_NoSTDIO|x86.ActiveCfg = Release|Win32
		{81CE8DAF-EBB2-4761-8E45-B71ABCCA8C68}.Release_NoSTDIO|x86.Build.0 = Release|Win32
		{81CE8DAF-EBB2-4761-8E45-B71ABCCA8C68}.Release|x64.ActiveCfg = Release|x64
		{81CE8DAF-EBB2-4761-8E45-B71ABCCA8C68}.Release|x64.Build.0 = Release|x64
		{81CE8DAF-EBB2-4761-8E45-B71ABCCA8C68}.Release|x86.ActiveCfg = Release|Win32
		{81CE8DAF-EBB2-4761-8E45-B71ABCCA8C68}.Release|x86.Build.0 = Release|Win32
		{DA956FD3-E142-46F2-9DD5-C78BEBB56B7A}.Debug|x64.ActiveCfg = Debug|x64
		{DA956FD3-E142-46F2-9DD5-C78BEBB56B7A}.Debug|x64.Build.0 = Debug|x64
		{DA956FD3-E142-46F2-9DD5-C78BEBB56B7A}.Debug|x86.ActiveCfg = Debug|Win32
		{DA956FD3-E142-46F2-9DD5-C78BEBB56B7A}.Debug|x86.Build.0 = Debug|Win32
		{DA956FD3-E142-46F2-9DD5-C78BEBB56B7A}.Release_NoSTDIO|x64.ActiveCfg = Release|x64
		{DA956FD3-E142-46F2-9DD5-C78BEBB56B7A}.Release_NoSTDIO|x64.Build.0 = Release|x64
		{DA956FD3-E142-46F2-9DD5-C78BEBB56B7A}.Release_NoSTDIO|x86.ActiveCfg = Release|Win32
		{DA956FD3-E142-46F2-9DD5-C78BEBB56B7A}.Release_NoSTDIO|x86.Build.0 = Release|Win32
		{DA956FD3-E142-46F2-9DD5-C78BEBB56B7A}.Release|x64.ActiveCfg = Release|x64
		{DA956FD3-E142-46F2-9DD5-C78BEBB56B7A}.Release|x64.Build.0 = Release|x64
		{DA956FD3-E142-46F2-9DD5-C78BEBB56B7A}.Release|x86.ActiveCfg = Release|Win32
		{DA956FD3-E142-46F2-9DD5-C78BEBB56B7A}.Release|x86.Build.0 = Release|Win32
	EndGlobalSection
	GlobalSection(SolutionProperties) = preSolution
		HideSolutionNode = FALSE
	EndGlobalSection
EndGlobal
